
Microsoft Visual Studio Solution File, Format Version 12.00
# Visual Studio 15
VisualStudioVersion = 15.0.28010.2041
MinimumVisualStudioVersion = 10.0.40219.1
Project("{FAE04EC0-301F-11D3-BF4B-00C04F79EFBC}") = "EntityFrameworkDatabaseSecond", "EntityFrameworkDatabaseSecond\EntityFrameworkDatabaseSecond.csproj", "{91FEEA8C-5876-4A7D-8CA1-CBB3F982DA1D}"
EndProject
Global
	GlobalSection(SolutionConfigurationPlatforms) = preSolution
		Debug|Any CPU = Debug|Any CPU
		Release|Any CPU = Release|Any CPU
	EndGlobalSection
	GlobalSection(ProjectConfigurationPlatforms) = postSolution
		{91FEEA8C-5876-4A7D-8CA1-CBB3F982DA1D}.Debug|Any CPU.ActiveCfg = Debug|Any CPU
		{91FEEA8C-5876-4A7D-8CA1-CBB3F982DA1D}.Debug|Any CPU.Build.0 = Debug|Any CPU
		{91FEEA8C-5876-4A7D-8CA1-CBB3F982DA1D}.Release|Any CPU.ActiveCfg = Release|Any CPU
		{91FEEA8C-5876-4A7D-8CA1-CBB3F982DA1D}.Release|Any CPU.Build.0 = Release|Any CPU
	EndGlobalSection
	GlobalSection(SolutionProperties) = preSolution
		HideSolutionNode = FALSE
	EndGlobalSection
	GlobalSection(ExtensibilityGlobals) = postSolution
		SolutionGuid = {B8A33800-7348-49EA-9B4B-0FEA3AD1FF36}
	EndGlobalSection
EndGlobal
