
Microsoft Visual Studio Solution File, Format Version 12.00
# Visual Studio 15
VisualStudioVersion = 15.0.28010.2041
MinimumVisualStudioVersion = 10.0.40219.1
Project("{FAE04EC0-301F-11D3-BF4B-00C04F79EFBC}") = "NewExam-sem3", "NewExam-sem3\NewExam-sem3.csproj", "{4EB802B2-C6CA-48C9-9712-B2D98359577E}"
EndProject
Global
	GlobalSection(SolutionConfigurationPlatforms) = preSolution
		Debug|Any CPU = Debug|Any CPU
		Release|Any CPU = Release|Any CPU
	EndGlobalSection
	GlobalSection(ProjectConfigurationPlatforms) = postSolution
		{4EB802B2-C6CA-48C9-9712-B2D98359577E}.Debug|Any CPU.ActiveCfg = Debug|Any CPU
		{4EB802B2-C6CA-48C9-9712-B2D98359577E}.Debug|Any CPU.Build.0 = Debug|Any CPU
		{4EB802B2-C6CA-48C9-9712-B2D98359577E}.Release|Any CPU.ActiveCfg = Release|Any CPU
		{4EB802B2-C6CA-48C9-9712-B2D98359577E}.Release|Any CPU.Build.0 = Release|Any CPU
	EndGlobalSection
	GlobalSection(SolutionProperties) = preSolution
		HideSolutionNode = FALSE
	EndGlobalSection
	GlobalSection(ExtensibilityGlobals) = postSolution
		SolutionGuid = {A157ED1C-C00D-4E64-97AD-63CDCA25E2F7}
	EndGlobalSection
EndGlobal
