
Microsoft Visual Studio Solution File, Format Version 12.00
# Visual Studio 15
VisualStudioVersion = 15.0.28010.2041
MinimumVisualStudioVersion = 10.0.40219.1
Project("{FAE04EC0-301F-11D3-BF4B-00C04F79EFBC}") = "OnlineOrderDidgitalPhoto", "OnlineOrderDidgitalPhoto\OnlineOrderDidgitalPhoto.csproj", "{84F49BCC-DA4E-4514-9CF6-222F21EA1731}"
EndProject
Project("{FAE04EC0-301F-11D3-BF4B-00C04F79EFBC}") = "Models", "Models\Models.csproj", "{9FF340A4-CCFE-4165-BD0C-7C72BFBC6F09}"
EndProject
Global
	GlobalSection(SolutionConfigurationPlatforms) = preSolution
		Debug|Any CPU = Debug|Any CPU
		Release|Any CPU = Release|Any CPU
	EndGlobalSection
	GlobalSection(ProjectConfigurationPlatforms) = postSolution
		{84F49BCC-DA4E-4514-9CF6-222F21EA1731}.Debug|Any CPU.ActiveCfg = Debug|Any CPU
		{84F49BCC-DA4E-4514-9CF6-222F21EA1731}.Debug|Any CPU.Build.0 = Debug|Any CPU
		{84F49BCC-DA4E-4514-9CF6-222F21EA1731}.Release|Any CPU.ActiveCfg = Release|Any CPU
		{84F49BCC-DA4E-4514-9CF6-222F21EA1731}.Release|Any CPU.Build.0 = Release|Any CPU
		{9FF340A4-CCFE-4165-BD0C-7C72BFBC6F09}.Debug|Any CPU.ActiveCfg = Debug|Any CPU
		{9FF340A4-CCFE-4165-BD0C-7C72BFBC6F09}.Debug|Any CPU.Build.0 = Debug|Any CPU
		{9FF340A4-CCFE-4165-BD0C-7C72BFBC6F09}.Release|Any CPU.ActiveCfg = Release|Any CPU
		{9FF340A4-CCFE-4165-BD0C-7C72BFBC6F09}.Release|Any CPU.Build.0 = Release|Any CPU
	EndGlobalSection
	GlobalSection(SolutionProperties) = preSolution
		HideSolutionNode = FALSE
	EndGlobalSection
	GlobalSection(ExtensibilityGlobals) = postSolution
		SolutionGuid = {C71C3EF6-1A6F-4F1F-9636-BA1B98F098FE}
	EndGlobalSection
EndGlobal
